
Microsoft Visual Studio Solution File, Format Version 12.00
# Visual Studio Version 16
VisualStudioVersion = 16.0.31624.102
MinimumVisualStudioVersion = 10.0.40219.1
Project("{8BC9CEB8-8B4A-11D0-8D11-00A0C91BC942}") = "Ds_libs", "Ds_libs\Ds_libs.vcxproj", "{9539603A-D9B5-47D1-9AB7-A4C0C3F2EBE0}"
EndProject
Project("{8BC9CEB8-8B4A-11D0-8D11-00A0C91BC942}") = "unitTest", "unitTest\unitTest.vcxproj", "{9CE90C4A-544F-4911-842E-10ABCC6DF2DA}"
EndProject
Global
	GlobalSection(SolutionConfigurationPlatforms) = preSolution
		Debug|x64 = Debug|x64
		Debug|x86 = Debug|x86
		Release|x64 = Release|x64
		Release|x86 = Release|x86
	EndGlobalSection
	GlobalSection(ProjectConfigurationPlatforms) = postSolution
		{9539603A-D9B5-47D1-9AB7-A4C0C3F2EBE0}.Debug|x64.ActiveCfg = Debug|x64
		{9539603A-D9B5-47D1-9AB7-A4C0C3F2EBE0}.Debug|x64.Build.0 = Debug|x64
		{9539603A-D9B5-47D1-9AB7-A4C0C3F2EBE0}.Debug|x86.ActiveCfg = Debug|Win32
		{9539603A-D9B5-47D1-9AB7-A4C0C3F2EBE0}.Debug|x86.Build.0 = Debug|Win32
		{9539603A-D9B5-47D1-9AB7-A4C0C3F2EBE0}.Release|x64.ActiveCfg = Release|x64
		{9539603A-D9B5-47D1-9AB7-A4C0C3F2EBE0}.Release|x64.Build.0 = Release|x64
		{9539603A-D9B5-47D1-9AB7-A4C0C3F2EBE0}.Release|x86.ActiveCfg = Release|Win32
		{9539603A-D9B5-47D1-9AB7-A4C0C3F2EBE0}.Release|x86.Build.0 = Release|Win32
		{9CE90C4A-544F-4911-842E-10ABCC6DF2DA}.Debug|x64.ActiveCfg = Debug|x64
		{9CE90C4A-544F-4911-842E-10ABCC6DF2DA}.Debug|x64.Build.0 = Debug|x64
		{9CE90C4A-544F-4911-842E-10ABCC6DF2DA}.Debug|x86.ActiveCfg = Debug|Win32
		{9CE90C4A-544F-4911-842E-10ABCC6DF2DA}.Debug|x86.Build.0 = Debug|Win32
		{9CE90C4A-544F-4911-842E-10ABCC6DF2DA}.Release|x64.ActiveCfg = Release|x64
		{9CE90C4A-544F-4911-842E-10ABCC6DF2DA}.Release|x64.Build.0 = Release|x64
		{9CE90C4A-544F-4911-842E-10ABCC6DF2DA}.Release|x86.ActiveCfg = Release|Win32
		{9CE90C4A-544F-4911-842E-10ABCC6DF2DA}.Release|x86.Build.0 = Release|Win32
	EndGlobalSection
	GlobalSection(SolutionProperties) = preSolution
		HideSolutionNode = FALSE
	EndGlobalSection
	GlobalSection(ExtensibilityGlobals) = postSolution
		SolutionGuid = {8C3F8490-CA00-4FA7-8453-54A2248C4C0A}
	EndGlobalSection
EndGlobal
